<?xml version="1.0" encoding="UTF-8" standalone="yes" ?>
<CodeBlocks_project_file>
	<FileVersion major="1" minor="6" />
	<Project>
		<Option title="atmega32PulsonicBipolar" />
		<Option pch_mode="2" />
		<Option compiler="avr-gcc" />
		<Build>
			<Target title="Release">
				<Option output="bin/Release/atmega32Pulsonic.elf" prefix_auto="1" extension_auto="0" />
				<Option working_dir="" />
				<Option object_output="obj/Release/" />
				<Option type="5" />
				<Option compiler="avr-gcc" />
				<Compiler>
					<Add option="-Os" />
				</Compiler>
			</Target>
			<Environment>
				<Variable name="MCU" value="atmega32" />
			</Environment>
		</Build>
		<Compiler>
			<Add option="-mmcu=atmega32" />
			<Add option="-Wall" />
			<Add option="-DF_CPU=16000000UL" />
		</Compiler>
		<Linker>
			<Add option="-mmcu=atmega32" />
			<Add option="-Wl,-Map=$(TARGET_OUTPUT_DIR)$(TARGET_OUTPUT_BASENAME).map,--cref" />
		</Linker>
		<ExtraCommands>
			<Add after="avr-size $(TARGET_OUTPUT_FILE)" />
			<Add after="avr-objdump -h -S $(TARGET_OUTPUT_FILE) &gt; $(TARGET_OUTPUT_DIR)$(TARGET_OUTPUT_BASENAME).lss" />
			<Add after="avr-objcopy -R .eeprom -R .fuse -R .lock -R .signature -O ihex $(TARGET_OUTPUT_FILE) $(TARGET_OUTPUT_DIR)$(TARGET_OUTPUT_BASENAME).hex" />
			<Add after="avr-objcopy --no-change-warnings -j .eeprom --change-section-lma .eeprom=0 -O ihex $(TARGET_OUTPUT_FILE) $(TARGET_OUTPUT_DIR)$(TARGET_OUTPUT_BASENAME).eep" />
			<Add after="avr-objcopy --no-change-warnings -j .lock --change-section-lma .lock=0 -O ihex $(TARGET_OUTPUT_FILE) $(TARGET_OUTPUT_DIR)$(TARGET_OUTPUT_BASENAME).lock" />
			<Add after="avr-objcopy --no-change-warnings -j .signature --change-section-lma .signature=0 -O ihex $(TARGET_OUTPUT_FILE) $(TARGET_OUTPUT_DIR)$(TARGET_OUTPUT_BASENAME).sig" />
			<Add after="avr-objcopy --no-change-warnings -j .fuse --change-section-lma .fuse=0 -O ihex $(TARGET_OUTPUT_FILE) $(TARGET_OUTPUT_DIR)$(TARGET_OUTPUT_BASENAME).fuse" />
			<Add after="srec_cat $(TARGET_OUTPUT_DIR)$(TARGET_OUTPUT_BASENAME).fuse -Intel -crop 0x00 0x01 -offset  0x00 -O $(TARGET_OUTPUT_DIR)$(TARGET_OUTPUT_BASENAME).lfs -Intel" />
			<Add after="srec_cat $(TARGET_OUTPUT_DIR)$(TARGET_OUTPUT_BASENAME).fuse -Intel -crop 0x01 0x02 -offset -0x01 -O $(TARGET_OUTPUT_DIR)$(TARGET_OUTPUT_BASENAME).hfs -Intel" />
		</ExtraCommands>
		<Unit filename="autoMode.c">
			<Option compilerVar="CC" />
		</Unit>
		<Unit filename="autoMode.h" />
		<Unit filename="configMode.c">
			<Option compilerVar="CC" />
		</Unit>
		<Unit filename="configMode.h" />
		<Unit filename="display.c">
			<Option compilerVar="CC" />
		</Unit>
		<Unit filename="display.h" />
		<Unit filename="error.c">
			<Option compilerVar="CC" />
		</Unit>
		<Unit filename="error.h" />
		<Unit filename="flushAllMode.h" />
		<Unit filename="flushAllMode1.c">
			<Option compilerVar="CC" />
		</Unit>
		<Unit filename="flushAtNozzle.c">
			<Option compilerVar="CC" />
		</Unit>
		<Unit filename="flushAtNozzle.h" />
		<Unit filename="fuse.c">
			<Option compilerVar="CC" />
		</Unit>
		<Unit filename="ikb.c">
			<Option compilerVar="CC" />
		</Unit>
		<Unit filename="ikb.h" />
		<Unit filename="inputs.c">
			<Option compilerVar="CC" />
		</Unit>
		<Unit filename="inputs.h" />
		<Unit filename="main.c">
			<Option compilerVar="CC" />
		</Unit>
		<Unit filename="main.h" />
		<Unit filename="mpap.c">
			<Option compilerVar="CC" />
		</Unit>
		<Unit filename="mpap.h" />
		<Unit filename="myeeprom.c">
			<Option compilerVar="CC" />
		</Unit>
		<Unit filename="myeeprom.h" />
		<Unit filename="nozzle.c">
			<Option compilerVar="CC" />
		</Unit>
		<Unit filename="nozzle.h" />
		<Unit filename="pulsonic.c">
			<Option compilerVar="CC" />
		</Unit>
		<Unit filename="pulsonic.h" />
		<Unit filename="pump.c">
			<Option compilerVar="CC" />
		</Unit>
		<Unit filename="pump.h" />
		<Unit filename="system.h" />
		<Unit filename="types.h" />
		<Unit filename="ustepping.c">
			<Option compilerVar="CC" />
		</Unit>
		<Unit filename="ustepping.h" />
		<Unit filename="visMode.c">
			<Option compilerVar="CC" />
		</Unit>
		<Unit filename="visMode.h" />
		<Extensions />
	</Project>
</CodeBlocks_project_file>
